// !$*UTF8*$!
{
	archiveVersion = 1;
	classes = {
	};
	objectVersion = 45;
	objects = {

/* Begin PBXBuildFile section */
		1818BB270F9A8F51001CA83A /* Animation.m in Sources */ = {isa = PBXBuildFile; fileRef = 1818BB260F9A8F51001CA83A /* Animation.m */; };
		1818BB2D0F9A93D8001CA83A /* Frame.m in Sources */ = {isa = PBXBuildFile; fileRef = 1818BB2C0F9A93D8001CA83A /* Frame.m */; };
		182D63AE0F6C239800BF1C24 /* Texture2D.m in Sources */ = {isa = PBXBuildFile; fileRef = 182D63AD0F6C239800BF1C24 /* Texture2D.m */; };
		182D63B00F6C23A700BF1C24 /* CoreGraphics.framework in Frameworks */ = {isa = PBXBuildFile; fileRef = 182D63AF0F6C23A700BF1C24 /* CoreGraphics.framework */; };
		182D63B20F6C23BA00BF1C24 /* player.png in Resources */ = {isa = PBXBuildFile; fileRef = 182D63B10F6C23BA00BF1C24 /* player.png */; };
		183F574F0FB360D00074B30A /* kerning.fnt in Resources */ = {isa = PBXBuildFile; fileRef = 183F574D0FB360D00074B30A /* kerning.fnt */; };
		183F57500FB360D00074B30A /* kerning.png in Resources */ = {isa = PBXBuildFile; fileRef = 183F574E0FB360D00074B30A /* kerning.png */; };
		185C82A70FCA10E00034936F /* ParticleEmitter.m in Sources */ = {isa = PBXBuildFile; fileRef = 185C82A60FCA10E00034936F /* ParticleEmitter.m */; };
		185C82AD0FCA1F220034936F /* texture.png in Resources */ = {isa = PBXBuildFile; fileRef = 185C82AC0FCA1F220034936F /* texture.png */; };
		186370F50F9297A40042D30E /* AngelCodeFont.m in Sources */ = {isa = PBXBuildFile; fileRef = 186370F40F9297A40042D30E /* AngelCodeFont.m */; };
		186370F90F929A0E0042D30E /* test1.fnt in Resources */ = {isa = PBXBuildFile; fileRef = 186370F70F929A0E0042D30E /* test1.fnt */; };
		186370FA0F929A0E0042D30E /* test1.png in Resources */ = {isa = PBXBuildFile; fileRef = 186370F80F929A0E0042D30E /* test1.png */; };
		186370FD0F92A05A0042D30E /* CharDef.m in Sources */ = {isa = PBXBuildFile; fileRef = 186370FC0F92A05A0042D30E /* CharDef.m */; };
		186371010F92A2540042D30E /* font1.fnt in Resources */ = {isa = PBXBuildFile; fileRef = 186370FF0F92A2540042D30E /* font1.fnt */; };
		186371020F92A2540042D30E /* font1.png in Resources */ = {isa = PBXBuildFile; fileRef = 186371000F92A2540042D30E /* font1.png */; };
		1870BEBF0F6D16E500A77DBA /* Image.m in Sources */ = {isa = PBXBuildFile; fileRef = 1870BEBE0F6D16E500A77DBA /* Image.m */; };
		1875B7C60FBDCB840024200A /* SingletonGameState.m in Sources */ = {isa = PBXBuildFile; fileRef = 1875B7C50FBDCB840024200A /* SingletonGameState.m */; };
		18B8760A0FAFB315001E4E2E /* DDXMLDocument.m in Sources */ = {isa = PBXBuildFile; fileRef = 18B876000FAFB315001E4E2E /* DDXMLDocument.m */; };
		18B8760B0FAFB315001E4E2E /* DDXMLElement.m in Sources */ = {isa = PBXBuildFile; fileRef = 18B876020FAFB315001E4E2E /* DDXMLElement.m */; };
		18B8760C0FAFB315001E4E2E /* DDXMLElementAdditions.m in Sources */ = {isa = PBXBuildFile; fileRef = 18B876040FAFB315001E4E2E /* DDXMLElementAdditions.m */; };
		18B8760D0FAFB315001E4E2E /* DDXMLNode.m in Sources */ = {isa = PBXBuildFile; fileRef = 18B876060FAFB315001E4E2E /* DDXMLNode.m */; };
		18B8760E0FAFB315001E4E2E /* NSStringAdditions.m in Sources */ = {isa = PBXBuildFile; fileRef = 18B876090FAFB315001E4E2E /* NSStringAdditions.m */; };
		18B876220FAFB3F0001E4E2E /* Layer.m in Sources */ = {isa = PBXBuildFile; fileRef = 18B876210FAFB3F0001E4E2E /* Layer.m */; };
		18B876250FAFB403001E4E2E /* TileSet.m in Sources */ = {isa = PBXBuildFile; fileRef = 18B876240FAFB403001E4E2E /* TileSet.m */; };
		18B876280FAFB416001E4E2E /* TiledMap.m in Sources */ = {isa = PBXBuildFile; fileRef = 18B876270FAFB416001E4E2E /* TiledMap.m */; };
		18B8762B0FAFBAF3001E4E2E /* testmap.tmx in Resources */ = {isa = PBXBuildFile; fileRef = 18B876290FAFBAF3001E4E2E /* testmap.tmx */; };
		18B8762C0FAFBAF3001E4E2E /* tiles.png in Resources */ = {isa = PBXBuildFile; fileRef = 18B8762A0FAFBAF3001E4E2E /* tiles.png */; };
		18DF6C7B0F8140A90015451E /* SpriteSheet.m in Sources */ = {isa = PBXBuildFile; fileRef = 18DF6C7A0F8140A90015451E /* SpriteSheet.m */; };
		18DF6CB80F814ACB0015451E /* spritesheet16.gif in Resources */ = {isa = PBXBuildFile; fileRef = 18DF6CB70F814ACB0015451E /* spritesheet16.gif */; };
		1D3623260D0F684500981E51 /* OGLGameAppDelegate.m in Sources */ = {isa = PBXBuildFile; fileRef = 1D3623250D0F684500981E51 /* OGLGameAppDelegate.m */; };
		1D60589B0D05DD56006BFB54 /* main.m in Sources */ = {isa = PBXBuildFile; fileRef = 29B97316FDCFA39411CA2CEA /* main.m */; };
		1D60589F0D05DD5A006BFB54 /* Foundation.framework in Frameworks */ = {isa = PBXBuildFile; fileRef = 1D30AB110D05D00D00671497 /* Foundation.framework */; };
		1DF5F4E00D08C38300B7A737 /* UIKit.framework in Frameworks */ = {isa = PBXBuildFile; fileRef = 1DF5F4DF0D08C38300B7A737 /* UIKit.framework */; };
		28AD733F0D9D9553002E5188 /* MainWindow.xib in Resources */ = {isa = PBXBuildFile; fileRef = 28AD733E0D9D9553002E5188 /* MainWindow.xib */; };
		28FD14FE0DC6FC130079059D /* EAGLView.m in Sources */ = {isa = PBXBuildFile; fileRef = 28FD14FD0DC6FC130079059D /* EAGLView.m */; };
		28FD15000DC6FC520079059D /* OpenGLES.framework in Frameworks */ = {isa = PBXBuildFile; fileRef = 28FD14FF0DC6FC520079059D /* OpenGLES.framework */; };
		28FD15080DC6FC5B0079059D /* QuartzCore.framework in Frameworks */ = {isa = PBXBuildFile; fileRef = 28FD15070DC6FC5B0079059D /* QuartzCore.framework */; };
/* End PBXBuildFile section */

/* Begin PBXFileReference section */
		1818BB250F9A8F51001CA83A /* Animation.h */ = {isa = PBXFileReference; fileEncoding = 4; lastKnownFileType = sourcecode.c.h; path = Animation.h; sourceTree = "<group>"; };
		1818BB260F9A8F51001CA83A /* Animation.m */ = {isa = PBXFileReference; fileEncoding = 4; lastKnownFileType = sourcecode.c.objc; path = Animation.m; sourceTree = "<group>"; };
		1818BB2B0F9A93D8001CA83A /* Frame.h */ = {isa = PBXFileReference; fileEncoding = 4; lastKnownFileType = sourcecode.c.h; path = Frame.h; sourceTree = "<group>"; };
		1818BB2C0F9A93D8001CA83A /* Frame.m */ = {isa = PBXFileReference; fileEncoding = 4; lastKnownFileType = sourcecode.c.objc; path = Frame.m; sourceTree = "<group>"; };
		182D63AC0F6C239800BF1C24 /* Texture2D.h */ = {isa = PBXFileReference; fileEncoding = 4; lastKnownFileType = sourcecode.c.h; path = Texture2D.h; sourceTree = "<group>"; };
		182D63AD0F6C239800BF1C24 /* Texture2D.m */ = {isa = PBXFileReference; fileEncoding = 4; lastKnownFileType = sourcecode.c.objc; path = Texture2D.m; sourceTree = "<group>"; };
		182D63AF0F6C23A700BF1C24 /* CoreGraphics.framework */ = {isa = PBXFileReference; lastKnownFileType = wrapper.framework; name = CoreGraphics.framework; path = System/Library/Frameworks/CoreGraphics.framework; sourceTree = SDKROOT; };
		182D63B10F6C23BA00BF1C24 /* player.png */ = {isa = PBXFileReference; lastKnownFileType = image.png; path = player.png; sourceTree = "<group>"; };
		183F574D0FB360D00074B30A /* kerning.fnt */ = {isa = PBXFileReference; fileEncoding = 4; lastKnownFileType = text; path = kerning.fnt; sourceTree = "<group>"; };
		183F574E0FB360D00074B30A /* kerning.png */ = {isa = PBXFileReference; lastKnownFileType = image.png; path = kerning.png; sourceTree = "<group>"; };
		185C82A30FCA0ECA0034936F /* Common.h */ = {isa = PBXFileReference; fileEncoding = 4; lastKnownFileType = sourcecode.c.h; path = Common.h; sourceTree = "<group>"; };
		185C82A50FCA10E00034936F /* ParticleEmitter.h */ = {isa = PBXFileReference; fileEncoding = 4; lastKnownFileType = sourcecode.c.h; path = ParticleEmitter.h; sourceTree = "<group>"; };
		185C82A60FCA10E00034936F /* ParticleEmitter.m */ = {isa = PBXFileReference; fileEncoding = 4; lastKnownFileType = sourcecode.c.objc; path = ParticleEmitter.m; sourceTree = "<group>"; };
		185C82AC0FCA1F220034936F /* texture.png */ = {isa = PBXFileReference; lastKnownFileType = image.png; path = texture.png; sourceTree = "<group>"; };
		186370F30F9297A40042D30E /* AngelCodeFont.h */ = {isa = PBXFileReference; fileEncoding = 4; lastKnownFileType = sourcecode.c.h; path = AngelCodeFont.h; sourceTree = "<group>"; };
		186370F40F9297A40042D30E /* AngelCodeFont.m */ = {isa = PBXFileReference; fileEncoding = 4; lastKnownFileType = sourcecode.c.objc; path = AngelCodeFont.m; sourceTree = "<group>"; };
		186370F70F929A0E0042D30E /* test1.fnt */ = {isa = PBXFileReference; fileEncoding = 4; lastKnownFileType = text; path = test1.fnt; sourceTree = "<group>"; };
		186370F80F929A0E0042D30E /* test1.png */ = {isa = PBXFileReference; lastKnownFileType = image.png; path = test1.png; sourceTree = "<group>"; };
		186370FB0F92A05A0042D30E /* CharDef.h */ = {isa = PBXFileReference; fileEncoding = 4; lastKnownFileType = sourcecode.c.h; path = CharDef.h; sourceTree = "<group>"; };
		186370FC0F92A05A0042D30E /* CharDef.m */ = {isa = PBXFileReference; fileEncoding = 4; lastKnownFileType = sourcecode.c.objc; path = CharDef.m; sourceTree = "<group>"; };
		186370FF0F92A2540042D30E /* font1.fnt */ = {isa = PBXFileReference; fileEncoding = 4; lastKnownFileType = text; path = font1.fnt; sourceTree = "<group>"; };
		186371000F92A2540042D30E /* font1.png */ = {isa = PBXFileReference; lastKnownFileType = image.png; path = font1.png; sourceTree = "<group>"; };
		1870BEBD0F6D16E500A77DBA /* Image.h */ = {isa = PBXFileReference; fileEncoding = 4; lastKnownFileType = sourcecode.c.h; path = Image.h; sourceTree = "<group>"; };
		1870BEBE0F6D16E500A77DBA /* Image.m */ = {isa = PBXFileReference; fileEncoding = 4; lastKnownFileType = sourcecode.c.objc; path = Image.m; sourceTree = "<group>"; };
		1875B7C40FBDCB840024200A /* SingletonGameState.h */ = {isa = PBXFileReference; fileEncoding = 4; lastKnownFileType = sourcecode.c.h; path = SingletonGameState.h; sourceTree = "<group>"; };
		1875B7C50FBDCB840024200A /* SingletonGameState.m */ = {isa = PBXFileReference; fileEncoding = 4; lastKnownFileType = sourcecode.c.objc; path = SingletonGameState.m; sourceTree = "<group>"; };
		18B875FE0FAFB315001E4E2E /* DDXML.h */ = {isa = PBXFileReference; fileEncoding = 4; lastKnownFileType = sourcecode.c.h; path = DDXML.h; sourceTree = "<group>"; };
		18B875FF0FAFB315001E4E2E /* DDXMLDocument.h */ = {isa = PBXFileReference; fileEncoding = 4; lastKnownFileType = sourcecode.c.h; path = DDXMLDocument.h; sourceTree = "<group>"; };
		18B876000FAFB315001E4E2E /* DDXMLDocument.m */ = {isa = PBXFileReference; fileEncoding = 4; lastKnownFileType = sourcecode.c.objc; path = DDXMLDocument.m; sourceTree = "<group>"; };
		18B876010FAFB315001E4E2E /* DDXMLElement.h */ = {isa = PBXFileReference; fileEncoding = 4; lastKnownFileType = sourcecode.c.h; path = DDXMLElement.h; sourceTree = "<group>"; };
		18B876020FAFB315001E4E2E /* DDXMLElement.m */ = {isa = PBXFileReference; fileEncoding = 4; lastKnownFileType = sourcecode.c.objc; path = DDXMLElement.m; sourceTree = "<group>"; };
		18B876030FAFB315001E4E2E /* DDXMLElementAdditions.h */ = {isa = PBXFileReference; fileEncoding = 4; lastKnownFileType = sourcecode.c.h; path = DDXMLElementAdditions.h; sourceTree = "<group>"; };
		18B876040FAFB315001E4E2E /* DDXMLElementAdditions.m */ = {isa = PBXFileReference; fileEncoding = 4; lastKnownFileType = sourcecode.c.objc; path = DDXMLElementAdditions.m; sourceTree = "<group>"; };
		18B876050FAFB315001E4E2E /* DDXMLNode.h */ = {isa = PBXFileReference; fileEncoding = 4; lastKnownFileType = sourcecode.c.h; path = DDXMLNode.h; sourceTree = "<group>"; };
		18B876060FAFB315001E4E2E /* DDXMLNode.m */ = {isa = PBXFileReference; fileEncoding = 4; lastKnownFileType = sourcecode.c.objc; path = DDXMLNode.m; sourceTree = "<group>"; };
		18B876070FAFB315001E4E2E /* DDXMLPrivate.h */ = {isa = PBXFileReference; fileEncoding = 4; lastKnownFileType = sourcecode.c.h; path = DDXMLPrivate.h; sourceTree = "<group>"; };
		18B876080FAFB315001E4E2E /* NSStringAdditions.h */ = {isa = PBXFileReference; fileEncoding = 4; lastKnownFileType = sourcecode.c.h; path = NSStringAdditions.h; sourceTree = "<group>"; };
		18B876090FAFB315001E4E2E /* NSStringAdditions.m */ = {isa = PBXFileReference; fileEncoding = 4; lastKnownFileType = sourcecode.c.objc; path = NSStringAdditions.m; sourceTree = "<group>"; };
		18B876200FAFB3F0001E4E2E /* Layer.h */ = {isa = PBXFileReference; fileEncoding = 4; lastKnownFileType = sourcecode.c.h; path = Layer.h; sourceTree = "<group>"; };
		18B876210FAFB3F0001E4E2E /* Layer.m */ = {isa = PBXFileReference; fileEncoding = 4; lastKnownFileType = sourcecode.c.objc; path = Layer.m; sourceTree = "<group>"; };
		18B876230FAFB403001E4E2E /* TileSet.h */ = {isa = PBXFileReference; fileEncoding = 4; lastKnownFileType = sourcecode.c.h; path = TileSet.h; sourceTree = "<group>"; };
		18B876240FAFB403001E4E2E /* TileSet.m */ = {isa = PBXFileReference; fileEncoding = 4; lastKnownFileType = sourcecode.c.objc; path = TileSet.m; sourceTree = "<group>"; };
		18B876260FAFB416001E4E2E /* TiledMap.h */ = {isa = PBXFileReference; fileEncoding = 4; lastKnownFileType = sourcecode.c.h; path = TiledMap.h; sourceTree = "<group>"; };
		18B876270FAFB416001E4E2E /* TiledMap.m */ = {isa = PBXFileReference; fileEncoding = 4; lastKnownFileType = sourcecode.c.objc; path = TiledMap.m; sourceTree = "<group>"; };
		18B876290FAFBAF3001E4E2E /* testmap.tmx */ = {isa = PBXFileReference; fileEncoding = 4; lastKnownFileType = text.xml; path = testmap.tmx; sourceTree = "<group>"; };
		18B8762A0FAFBAF3001E4E2E /* tiles.png */ = {isa = PBXFileReference; lastKnownFileType = image.png; path = tiles.png; sourceTree = "<group>"; };
		18DF6C790F8140A90015451E /* SpriteSheet.h */ = {isa = PBXFileReference; fileEncoding = 4; lastKnownFileType = sourcecode.c.h; path = SpriteSheet.h; sourceTree = "<group>"; };
		18DF6C7A0F8140A90015451E /* SpriteSheet.m */ = {isa = PBXFileReference; fileEncoding = 4; lastKnownFileType = sourcecode.c.objc; path = SpriteSheet.m; sourceTree = "<group>"; };
		18DF6CB70F814ACB0015451E /* spritesheet16.gif */ = {isa = PBXFileReference; lastKnownFileType = image.gif; path = spritesheet16.gif; sourceTree = "<group>"; };
		1D30AB110D05D00D00671497 /* Foundation.framework */ = {isa = PBXFileReference; lastKnownFileType = wrapper.framework; name = Foundation.framework; path = System/Library/Frameworks/Foundation.framework; sourceTree = SDKROOT; };
		1D3623240D0F684500981E51 /* OGLGameAppDelegate.h */ = {isa = PBXFileReference; fileEncoding = 4; lastKnownFileType = sourcecode.c.h; path = OGLGameAppDelegate.h; sourceTree = "<group>"; };
		1D3623250D0F684500981E51 /* OGLGameAppDelegate.m */ = {isa = PBXFileReference; fileEncoding = 4; lastKnownFileType = sourcecode.c.objc; path = OGLGameAppDelegate.m; sourceTree = "<group>"; };
		1D6058910D05DD3D006BFB54 /* OGLGame.app */ = {isa = PBXFileReference; explicitFileType = wrapper.application; includeInIndex = 0; path = OGLGame.app; sourceTree = BUILT_PRODUCTS_DIR; };
		1DF5F4DF0D08C38300B7A737 /* UIKit.framework */ = {isa = PBXFileReference; lastKnownFileType = wrapper.framework; name = UIKit.framework; path = System/Library/Frameworks/UIKit.framework; sourceTree = SDKROOT; };
		28AD733E0D9D9553002E5188 /* MainWindow.xib */ = {isa = PBXFileReference; lastKnownFileType = file.xib; path = MainWindow.xib; sourceTree = "<group>"; };
		28FD14FC0DC6FC130079059D /* EAGLView.h */ = {isa = PBXFileReference; fileEncoding = 4; lastKnownFileType = sourcecode.c.h; path = EAGLView.h; sourceTree = "<group>"; };
		28FD14FD0DC6FC130079059D /* EAGLView.m */ = {isa = PBXFileReference; fileEncoding = 4; lastKnownFileType = sourcecode.c.objc; path = EAGLView.m; sourceTree = "<group>"; };
		28FD14FF0DC6FC520079059D /* OpenGLES.framework */ = {isa = PBXFileReference; lastKnownFileType = wrapper.framework; name = OpenGLES.framework; path = System/Library/Frameworks/OpenGLES.framework; sourceTree = SDKROOT; };
		28FD15070DC6FC5B0079059D /* QuartzCore.framework */ = {isa = PBXFileReference; lastKnownFileType = wrapper.framework; name = QuartzCore.framework; path = System/Library/Frameworks/QuartzCore.framework; sourceTree = SDKROOT; };
		29B97316FDCFA39411CA2CEA /* main.m */ = {isa = PBXFileReference; fileEncoding = 4; lastKnownFileType = sourcecode.c.objc; path = main.m; sourceTree = "<group>"; };
		32CA4F630368D1EE00C91783 /* OGLGame_Prefix.pch */ = {isa = PBXFileReference; fileEncoding = 4; lastKnownFileType = sourcecode.c.h; path = OGLGame_Prefix.pch; sourceTree = "<group>"; };
		8D1107310486CEB800E47090 /* Info.plist */ = {isa = PBXFileReference; fileEncoding = 4; lastKnownFileType = text.plist.xml; path = Info.plist; sourceTree = "<group>"; };
/* End PBXFileReference section */

/* Begin PBXFrameworksBuildPhase section */
		1D60588F0D05DD3D006BFB54 /* Frameworks */ = {
			isa = PBXFrameworksBuildPhase;
			buildActionMask = 2147483647;
			files = (
				1D60589F0D05DD5A006BFB54 /* Foundation.framework in Frameworks */,
				1DF5F4E00D08C38300B7A737 /* UIKit.framework in Frameworks */,
				28FD15000DC6FC520079059D /* OpenGLES.framework in Frameworks */,
				28FD15080DC6FC5B0079059D /* QuartzCore.framework in Frameworks */,
				182D63B00F6C23A700BF1C24 /* CoreGraphics.framework in Frameworks */,
			);
			runOnlyForDeploymentPostprocessing = 0;
		};
/* End PBXFrameworksBuildPhase section */

/* Begin PBXGroup section */
		080E96DDFE201D6D7F000001 /* Classes */ = {
			isa = PBXGroup;
			children = (
				28FD14FC0DC6FC130079059D /* EAGLView.h */,
				28FD14FD0DC6FC130079059D /* EAGLView.m */,
				1D3623240D0F684500981E51 /* OGLGameAppDelegate.h */,
				1D3623250D0F684500981E51 /* OGLGameAppDelegate.m */,
			);
			path = Classes;
			sourceTree = "<group>";
		};
		1818BB240F9A8F40001CA83A /* Animation */ = {
			isa = PBXGroup;
			children = (
				1818BB250F9A8F51001CA83A /* Animation.h */,
				1818BB260F9A8F51001CA83A /* Animation.m */,
				1818BB2B0F9A93D8001CA83A /* Frame.h */,
				1818BB2C0F9A93D8001CA83A /* Frame.m */,
			);
			name = Animation;
			sourceTree = "<group>";
		};
		182D63A80F6C237300BF1C24 /* Images */ = {
			isa = PBXGroup;
			children = (
				185C82AC0FCA1F220034936F /* texture.png */,
				18B876290FAFBAF3001E4E2E /* testmap.tmx */,
				18B8762A0FAFBAF3001E4E2E /* tiles.png */,
				18DF6CB70F814ACB0015451E /* spritesheet16.gif */,
				182D63B10F6C23BA00BF1C24 /* player.png */,
			);
			name = Images;
			sourceTree = "<group>";
		};
		182D63AB0F6C238000BF1C24 /* OpenGL ES Support */ = {
			isa = PBXGroup;
			children = (
				182D63AC0F6C239800BF1C24 /* Texture2D.h */,
				182D63AD0F6C239800BF1C24 /* Texture2D.m */,
			);
			name = "OpenGL ES Support";
			sourceTree = "<group>";
		};
		185C82A40FCA10C10034936F /* Particle Emitter */ = {
			isa = PBXGroup;
			children = (
				185C82A50FCA10E00034936F /* ParticleEmitter.h */,
				185C82A60FCA10E00034936F /* ParticleEmitter.m */,
			);
			name = "Particle Emitter";
			sourceTree = "<group>";
		};
		186370F20F92975B0042D30E /* AngelCodeFont */ = {
			isa = PBXGroup;
			children = (
				186370F30F9297A40042D30E /* AngelCodeFont.h */,
				186370F40F9297A40042D30E /* AngelCodeFont.m */,
				186370FB0F92A05A0042D30E /* CharDef.h */,
				186370FC0F92A05A0042D30E /* CharDef.m */,
			);
			name = AngelCodeFont;
			sourceTree = "<group>";
		};
		186370F60F9299E20042D30E /* Fonts */ = {
			isa = PBXGroup;
			children = (
				183F574D0FB360D00074B30A /* kerning.fnt */,
				183F574E0FB360D00074B30A /* kerning.png */,
				186370FF0F92A2540042D30E /* font1.fnt */,
				186371000F92A2540042D30E /* font1.png */,
				186370F70F929A0E0042D30E /* test1.fnt */,
				186370F80F929A0E0042D30E /* test1.png */,
			);
			name = Fonts;
			sourceTree = "<group>";
		};
		1870BEBC0F6D16CF00A77DBA /* Engine */ = {
			isa = PBXGroup;
			children = (
				185C82A40FCA10C10034936F /* Particle Emitter */,
				18B8761F0FAFB3DD001E4E2E /* TiledMap */,
				1818BB240F9A8F40001CA83A /* Animation */,
				186370F20F92975B0042D30E /* AngelCodeFont */,
				1870BEBD0F6D16E500A77DBA /* Image.h */,
				1870BEBE0F6D16E500A77DBA /* Image.m */,
				18DF6C790F8140A90015451E /* SpriteSheet.h */,
				18DF6C7A0F8140A90015451E /* SpriteSheet.m */,
			);
			name = Engine;
			sourceTree = "<group>";
		};
		1875B7C30FBDCB4E0024200A /* Common */ = {
			isa = PBXGroup;
			children = (
				1875B7C40FBDCB840024200A /* SingletonGameState.h */,
				1875B7C50FBDCB840024200A /* SingletonGameState.m */,
				185C82A30FCA0ECA0034936F /* Common.h */,
			);
			name = Common;
			sourceTree = "<group>";
		};
		18B875FB0FAFB2BF001E4E2E /* DDXML */ = {
			isa = PBXGroup;
			children = (
				18B875FE0FAFB315001E4E2E /* DDXML.h */,
				18B875FF0FAFB315001E4E2E /* DDXMLDocument.h */,
				18B876000FAFB315001E4E2E /* DDXMLDocument.m */,
				18B876010FAFB315001E4E2E /* DDXMLElement.h */,
				18B876020FAFB315001E4E2E /* DDXMLElement.m */,
				18B876030FAFB315001E4E2E /* DDXMLElementAdditions.h */,
				18B876040FAFB315001E4E2E /* DDXMLElementAdditions.m */,
				18B876050FAFB315001E4E2E /* DDXMLNode.h */,
				18B876060FAFB315001E4E2E /* DDXMLNode.m */,
				18B876070FAFB315001E4E2E /* DDXMLPrivate.h */,
				18B876080FAFB315001E4E2E /* NSStringAdditions.h */,
				18B876090FAFB315001E4E2E /* NSStringAdditions.m */,
			);
			name = DDXML;
			sourceTree = "<group>";
		};
		18B8761F0FAFB3DD001E4E2E /* TiledMap */ = {
			isa = PBXGroup;
			children = (
				18B876200FAFB3F0001E4E2E /* Layer.h */,
				18B876210FAFB3F0001E4E2E /* Layer.m */,
				18B876230FAFB403001E4E2E /* TileSet.h */,
				18B876240FAFB403001E4E2E /* TileSet.m */,
				18B876260FAFB416001E4E2E /* TiledMap.h */,
				18B876270FAFB416001E4E2E /* TiledMap.m */,
			);
			name = TiledMap;
			sourceTree = "<group>";
		};
		19C28FACFE9D520D11CA2CBB /* Products */ = {
			isa = PBXGroup;
			children = (
				1D6058910D05DD3D006BFB54 /* OGLGame.app */,
			);
			name = Products;
			sourceTree = "<group>";
		};
		29B97314FDCFA39411CA2CEA /* CustomTemplate */ = {
			isa = PBXGroup;
			children = (
				1875B7C30FBDCB4E0024200A /* Common */,
				18B875FB0FAFB2BF001E4E2E /* DDXML */,
				186370F60F9299E20042D30E /* Fonts */,
				1870BEBC0F6D16CF00A77DBA /* Engine */,
				182D63AB0F6C238000BF1C24 /* OpenGL ES Support */,
				182D63A80F6C237300BF1C24 /* Images */,
				080E96DDFE201D6D7F000001 /* Classes */,
				29B97315FDCFA39411CA2CEA /* Other Sources */,
				29B97317FDCFA39411CA2CEA /* Resources */,
				29B97323FDCFA39411CA2CEA /* Frameworks */,
				19C28FACFE9D520D11CA2CBB /* Products */,
			);
			name = CustomTemplate;
			sourceTree = "<group>";
		};
		29B97315FDCFA39411CA2CEA /* Other Sources */ = {
			isa = PBXGroup;
			children = (
				32CA4F630368D1EE00C91783 /* OGLGame_Prefix.pch */,
				29B97316FDCFA39411CA2CEA /* main.m */,
			);
			name = "Other Sources";
			sourceTree = "<group>";
		};
		29B97317FDCFA39411CA2CEA /* Resources */ = {
			isa = PBXGroup;
			children = (
				28AD733E0D9D9553002E5188 /* MainWindow.xib */,
				8D1107310486CEB800E47090 /* Info.plist */,
			);
			name = Resources;
			sourceTree = "<group>";
		};
		29B97323FDCFA39411CA2CEA /* Frameworks */ = {
			isa = PBXGroup;
			children = (
				182D63AF0F6C23A700BF1C24 /* CoreGraphics.framework */,
				28FD15070DC6FC5B0079059D /* QuartzCore.framework */,
				28FD14FF0DC6FC520079059D /* OpenGLES.framework */,
				1DF5F4DF0D08C38300B7A737 /* UIKit.framework */,
				1D30AB110D05D00D00671497 /* Foundation.framework */,
			);
			name = Frameworks;
			sourceTree = "<group>";
		};
/* End PBXGroup section */

/* Begin PBXNativeTarget section */
		1D6058900D05DD3D006BFB54 /* OGLGame */ = {
			isa = PBXNativeTarget;
			buildConfigurationList = 1D6058960D05DD3E006BFB54 /* Build configuration list for PBXNativeTarget "OGLGame" */;
			buildPhases = (
				1D60588D0D05DD3D006BFB54 /* Resources */,
				1D60588E0D05DD3D006BFB54 /* Sources */,
				1D60588F0D05DD3D006BFB54 /* Frameworks */,
			);
			buildRules = (
			);
			dependencies = (
			);
			name = OGLGame;
			productName = OGLGame;
			productReference = 1D6058910D05DD3D006BFB54 /* OGLGame.app */;
			productType = "com.apple.product-type.application";
		};
/* End PBXNativeTarget section */

/* Begin PBXProject section */
		29B97313FDCFA39411CA2CEA /* Project object */ = {
			isa = PBXProject;
			buildConfigurationList = C01FCF4E08A954540054247B /* Build configuration list for PBXProject "OGLGame" */;
			compatibilityVersion = "Xcode 3.1";
			hasScannedForEncodings = 1;
			mainGroup = 29B97314FDCFA39411CA2CEA /* CustomTemplate */;
			projectDirPath = "";
			projectRoot = "";
			targets = (
				1D6058900D05DD3D006BFB54 /* OGLGame */,
			);
		};
/* End PBXProject section */

/* Begin PBXResourcesBuildPhase section */
		1D60588D0D05DD3D006BFB54 /* Resources */ = {
			isa = PBXResourcesBuildPhase;
			buildActionMask = 2147483647;
			files = (
				28AD733F0D9D9553002E5188 /* MainWindow.xib in Resources */,
				182D63B20F6C23BA00BF1C24 /* player.png in Resources */,
				18DF6CB80F814ACB0015451E /* spritesheet16.gif in Resources */,
				186370F90F929A0E0042D30E /* test1.fnt in Resources */,
				186370FA0F929A0E0042D30E /* test1.png in Resources */,
				186371010F92A2540042D30E /* font1.fnt in Resources */,
				186371020F92A2540042D30E /* font1.png in Resources */,
				18B8762B0FAFBAF3001E4E2E /* testmap.tmx in Resources */,
				18B8762C0FAFBAF3001E4E2E /* tiles.png in Resources */,
				183F574F0FB360D00074B30A /* kerning.fnt in Resources */,
				183F57500FB360D00074B30A /* kerning.png in Resources */,
				185C82AD0FCA1F220034936F /* texture.png in Resources */,
			);
			runOnlyForDeploymentPostprocessing = 0;
		};
/* End PBXResourcesBuildPhase section */

/* Begin PBXSourcesBuildPhase section */
		1D60588E0D05DD3D006BFB54 /* Sources */ = {
			isa = PBXSourcesBuildPhase;
			buildActionMask = 2147483647;
			files = (
				1D60589B0D05DD56006BFB54 /* main.m in Sources */,
				1D3623260D0F684500981E51 /* OGLGameAppDelegate.m in Sources */,
				28FD14FE0DC6FC130079059D /* EAGLView.m in Sources */,
				182D63AE0F6C239800BF1C24 /* Texture2D.m in Sources */,
				1870BEBF0F6D16E500A77DBA /* Image.m in Sources */,
				18DF6C7B0F8140A90015451E /* SpriteSheet.m in Sources */,
				186370F50F9297A40042D30E /* AngelCodeFont.m in Sources */,
				186370FD0F92A05A0042D30E /* CharDef.m in Sources */,
				1818BB270F9A8F51001CA83A /* Animation.m in Sources */,
				1818BB2D0F9A93D8001CA83A /* Frame.m in Sources */,
				18B8760A0FAFB315001E4E2E /* DDXMLDocument.m in Sources */,
				18B8760B0FAFB315001E4E2E /* DDXMLElement.m in Sources */,
				18B8760C0FAFB315001E4E2E /* DDXMLElementAdditions.m in Sources */,
				18B8760D0FAFB315001E4E2E /* DDXMLNode.m in Sources */,
				18B8760E0FAFB315001E4E2E /* NSStringAdditions.m in Sources */,
				18B876220FAFB3F0001E4E2E /* Layer.m in Sources */,
				18B876250FAFB403001E4E2E /* TileSet.m in Sources */,
				18B876280FAFB416001E4E2E /* TiledMap.m in Sources */,
				1875B7C60FBDCB840024200A /* SingletonGameState.m in Sources */,
				185C82A70FCA10E00034936F /* ParticleEmitter.m in Sources */,
			);
			runOnlyForDeploymentPostprocessing = 0;
		};
/* End PBXSourcesBuildPhase section */

/* Begin XCBuildConfiguration section */
		1D6058940D05DD3E006BFB54 /* Debug */ = {
			isa = XCBuildConfiguration;
			buildSettings = {
				ALWAYS_SEARCH_USER_PATHS = NO;
				COPY_PHASE_STRIP = NO;
				GCC_DYNAMIC_NO_PIC = NO;
				GCC_OPTIMIZATION_LEVEL = 0;
				GCC_PRECOMPILE_PREFIX_HEADER = YES;
				GCC_PREFIX_HEADER = OGLGame_Prefix.pch;
				HEADER_SEARCH_PATHS = /usr/include/libxml2;
				INFOPLIST_FILE = Info.plist;
				OTHER_LDFLAGS = "-lxml2";
				PRODUCT_NAME = OGLGame;
			};
			name = Debug;
		};
		1D6058950D05DD3E006BFB54 /* Release */ = {
			isa = XCBuildConfiguration;
			buildSettings = {
				ALWAYS_SEARCH_USER_PATHS = NO;
				COPY_PHASE_STRIP = YES;
				GCC_PRECOMPILE_PREFIX_HEADER = YES;
				GCC_PREFIX_HEADER = OGLGame_Prefix.pch;
				HEADER_SEARCH_PATHS = /usr/include/libxml2;
				INFOPLIST_FILE = Info.plist;
				OTHER_LDFLAGS = "-lxml2";
				PRODUCT_NAME = OGLGame;
			};
			name = Release;
		};
		C01FCF4F08A954540054247B /* Debug */ = {
			isa = XCBuildConfiguration;
			buildSettings = {
				ARCHS = "$(ARCHS_STANDARD_32_BIT)";
				"CODE_SIGN_IDENTITY[sdk=iphoneos*]" = "iPhone Developer";
				GCC_C_LANGUAGE_STANDARD = c99;
				GCC_WARN_ABOUT_RETURN_TYPE = YES;
				GCC_WARN_UNUSED_VARIABLE = YES;
				ONLY_ACTIVE_ARCH = YES;
				PREBINDING = NO;
				SDKROOT = iphoneos2.2;
			};
			name = Debug;
		};
		C01FCF5008A954540054247B /* Release */ = {
			isa = XCBuildConfiguration;
			buildSettings = {
				ARCHS = "$(ARCHS_STANDARD_32_BIT)";
				"CODE_SIGN_IDENTITY[sdk=iphoneos*]" = "iPhone Developer";
				GCC_C_LANGUAGE_STANDARD = c99;
				GCC_WARN_ABOUT_RETURN_TYPE = YES;
				GCC_WARN_UNUSED_VARIABLE = YES;
				PREBINDING = NO;
				SDKROOT = iphoneos2.2;
			};
			name = Release;
		};
/* End XCBuildConfiguration section */

/* Begin XCConfigurationList section */
		1D6058960D05DD3E006BFB54 /* Build configuration list for PBXNativeTarget "OGLGame" */ = {
			isa = XCConfigurationList;
			buildConfigurations = (
				1D6058940D05DD3E006BFB54 /* Debug */,
				1D6058950D05DD3E006BFB54 /* Release */,
			);
			defaultConfigurationIsVisible = 0;
			defaultConfigurationName = Release;
		};
		C01FCF4E08A954540054247B /* Build configuration list for PBXProject "OGLGame" */ = {
			isa = XCConfigurationList;
			buildConfigurations = (
				C01FCF4F08A954540054247B /* Debug */,
				C01FCF5008A954540054247B /* Release */,
			);
			defaultConfigurationIsVisible = 0;
			defaultConfigurationName = Release;
		};
/* End XCConfigurationList section */
	};
	rootObject = 29B97313FDCFA39411CA2CEA /* Project object */;
}
